
Microsoft Visual Studio Solution File, Format Version 12.00
# Visual Studio 15
VisualStudioVersion = 15.0.27703.2000
MinimumVisualStudioVersion = 10.0.40219.1
Project("{FAE04EC0-301F-11D3-BF4B-00C04F79EFBC}") = "LMS", "LMS\LMS.csproj", "{833E6BFE-D696-430B-9B87-097DF6949EBC}"
EndProject
Project("{FAE04EC0-301F-11D3-BF4B-00C04F79EFBC}") = "LMSDAL", "LMSDAL\LMSDAL.csproj", "{ED01C87A-1997-438D-A049-5BB7227D7638}"
EndProject
Global
	GlobalSection(SolutionConfigurationPlatforms) = preSolution
		Debug|Any CPU = Debug|Any CPU
		Release|Any CPU = Release|Any CPU
	EndGlobalSection
	GlobalSection(ProjectConfigurationPlatforms) = postSolution
		{833E6BFE-D696-430B-9B87-097DF6949EBC}.Debug|Any CPU.ActiveCfg = Debug|Any CPU
		{833E6BFE-D696-430B-9B87-097DF6949EBC}.Debug|Any CPU.Build.0 = Debug|Any CPU
		{833E6BFE-D696-430B-9B87-097DF6949EBC}.Release|Any CPU.ActiveCfg = Release|Any CPU
		{833E6BFE-D696-430B-9B87-097DF6949EBC}.Release|Any CPU.Build.0 = Release|Any CPU
		{ED01C87A-1997-438D-A049-5BB7227D7638}.Debug|Any CPU.ActiveCfg = Debug|Any CPU
		{ED01C87A-1997-438D-A049-5BB7227D7638}.Debug|Any CPU.Build.0 = Debug|Any CPU
		{ED01C87A-1997-438D-A049-5BB7227D7638}.Release|Any CPU.ActiveCfg = Release|Any CPU
		{ED01C87A-1997-438D-A049-5BB7227D7638}.Release|Any CPU.Build.0 = Release|Any CPU
	EndGlobalSection
	GlobalSection(SolutionProperties) = preSolution
		HideSolutionNode = FALSE
	EndGlobalSection
	GlobalSection(ExtensibilityGlobals) = postSolution
		SolutionGuid = {0531CABE-804A-4D8F-A300-3FCC8452CB2C}
	EndGlobalSection
EndGlobal
